// !$*UTF8*$!
{
	archiveVersion = 1;
	classes = {
	};
	objectVersion = 46;
	objects = {

/* Begin PBXBuildFile section */
		5283C6971C993ECC002417E8 /* Book.m in Sources */ = {isa = PBXBuildFile; fileRef = 5283C6961C993ECC002417E8 /* Book.m */; };
		5283C69A1C9943FE002417E8 /* Person.m in Sources */ = {isa = PBXBuildFile; fileRef = 5283C6991C9943FE002417E8 /* Person.m */; };
		5283C69D1C994409002417E8 /* Dog.m in Sources */ = {isa = PBXBuildFile; fileRef = 5283C69C1C994409002417E8 /* Dog.m */; };
		52A225DB1C9FD11B000B4C5C /* Animal.m in Sources */ = {isa = PBXBuildFile; fileRef = 52A225DA1C9FD11B000B4C5C /* Animal.m */; };
		52A225DE1C9FD2F9000B4C5C /* Rabbit.m in Sources */ = {isa = PBXBuildFile; fileRef = 52A225DD1C9FD2F9000B4C5C /* Rabbit.m */; };
		52A225E11C9FD370000B4C5C /* Tiger.m in Sources */ = {isa = PBXBuildFile; fileRef = 52A225E01C9FD370000B4C5C /* Tiger.m */; };
		52A225E41C9FD8D6000B4C5C /* Shape.m in Sources */ = {isa = PBXBuildFile; fileRef = 52A225E31C9FD8D6000B4C5C /* Shape.m */; };
		52A225E71C9FDB7E000B4C5C /* Circle.m in Sources */ = {isa = PBXBuildFile; fileRef = 52A225E61C9FDB7E000B4C5C /* Circle.m */; };
		52A225EA1C9FDC38000B4C5C /* Square.m in Sources */ = {isa = PBXBuildFile; fileRef = 52A225E91C9FDC38000B4C5C /* Square.m */; };
		52A225ED1C9FDCE1000B4C5C /* Person2.m in Sources */ = {isa = PBXBuildFile; fileRef = 52A225EC1C9FDCE1000B4C5C /* Person2.m */; };
		52A2A86D1CBB81F400070DDB /* Course.m in Sources */ = {isa = PBXBuildFile; fileRef = 52A2A86C1CBB81F400070DDB /* Course.m */; };
		52BE62521C84267200245806 /* main.m in Sources */ = {isa = PBXBuildFile; fileRef = 52BE62511C84267200245806 /* main.m */; };
		52F4DDC21C8D62C600C86F35 /* Student.m in Sources */ = {isa = PBXBuildFile; fileRef = 52F4DDC11C8D62C600C86F35 /* Student.m */; };
		52F4DDC51C8D6A1100C86F35 /* Car.m in Sources */ = {isa = PBXBuildFile; fileRef = 52F4DDC41C8D6A1100C86F35 /* Car.m */; };
		52F4DDC81C8D6CC500C86F35 /* Manager.m in Sources */ = {isa = PBXBuildFile; fileRef = 52F4DDC71C8D6CC500C86F35 /* Manager.m */; };
/* End PBXBuildFile section */

/* Begin PBXCopyFilesBuildPhase section */
		52BE624C1C84267100245806 /* CopyFiles */ = {
			isa = PBXCopyFilesBuildPhase;
			buildActionMask = 2147483647;
			dstPath = /usr/share/man/man1/;
			dstSubfolderSpec = 0;
			files = (
			);
			runOnlyForDeploymentPostprocessing = 1;
		};
/* End PBXCopyFilesBuildPhase section */

/* Begin PBXFileReference section */
		5283C6951C993ECC002417E8 /* Book.h */ = {isa = PBXFileReference; fileEncoding = 4; lastKnownFileType = sourcecode.c.h; path = Book.h; sourceTree = "<group>"; };
		5283C6961C993ECC002417E8 /* Book.m */ = {isa = PBXFileReference; fileEncoding = 4; lastKnownFileType = sourcecode.c.objc; path = Book.m; sourceTree = "<group>"; };
		5283C6981C9943FE002417E8 /* Person.h */ = {isa = PBXFileReference; fileEncoding = 4; lastKnownFileType = sourcecode.c.h; path = Person.h; sourceTree = "<group>"; };
		5283C6991C9943FE002417E8 /* Person.m */ = {isa = PBXFileReference; fileEncoding = 4; lastKnownFileType = sourcecode.c.objc; path = Person.m; sourceTree = "<group>"; };
		5283C69B1C994409002417E8 /* Dog.h */ = {isa = PBXFileReference; fileEncoding = 4; lastKnownFileType = sourcecode.c.h; path = Dog.h; sourceTree = "<group>"; };
		5283C69C1C994409002417E8 /* Dog.m */ = {isa = PBXFileReference; fileEncoding = 4; lastKnownFileType = sourcecode.c.objc; path = Dog.m; sourceTree = "<group>"; };
		52A225D91C9FD11B000B4C5C /* Animal.h */ = {isa = PBXFileReference; fileEncoding = 4; lastKnownFileType = sourcecode.c.h; path = Animal.h; sourceTree = "<group>"; };
		52A225DA1C9FD11B000B4C5C /* Animal.m */ = {isa = PBXFileReference; fileEncoding = 4; lastKnownFileType = sourcecode.c.objc; path = Animal.m; sourceTree = "<group>"; };
		52A225DC1C9FD2F9000B4C5C /* Rabbit.h */ = {isa = PBXFileReference; fileEncoding = 4; lastKnownFileType = sourcecode.c.h; path = Rabbit.h; sourceTree = "<group>"; };
		52A225DD1C9FD2F9000B4C5C /* Rabbit.m */ = {isa = PBXFileReference; fileEncoding = 4; lastKnownFileType = sourcecode.c.objc; path = Rabbit.m; sourceTree = "<group>"; };
		52A225DF1C9FD370000B4C5C /* Tiger.h */ = {isa = PBXFileReference; fileEncoding = 4; lastKnownFileType = sourcecode.c.h; path = Tiger.h; sourceTree = "<group>"; };
		52A225E01C9FD370000B4C5C /* Tiger.m */ = {isa = PBXFileReference; fileEncoding = 4; lastKnownFileType = sourcecode.c.objc; path = Tiger.m; sourceTree = "<group>"; };
		52A225E21C9FD8D6000B4C5C /* Shape.h */ = {isa = PBXFileReference; fileEncoding = 4; lastKnownFileType = sourcecode.c.h; path = Shape.h; sourceTree = "<group>"; };
		52A225E31C9FD8D6000B4C5C /* Shape.m */ = {isa = PBXFileReference; fileEncoding = 4; lastKnownFileType = sourcecode.c.objc; path = Shape.m; sourceTree = "<group>"; };
		52A225E51C9FDB7E000B4C5C /* Circle.h */ = {isa = PBXFileReference; fileEncoding = 4; lastKnownFileType = sourcecode.c.h; path = Circle.h; sourceTree = "<group>"; };
		52A225E61C9FDB7E000B4C5C /* Circle.m */ = {isa = PBXFileReference; fileEncoding = 4; lastKnownFileType = sourcecode.c.objc; path = Circle.m; sourceTree = "<group>"; };
		52A225E81C9FDC38000B4C5C /* Square.h */ = {isa = PBXFileReference; fileEncoding = 4; lastKnownFileType = sourcecode.c.h; path = Square.h; sourceTree = "<group>"; };
		52A225E91C9FDC38000B4C5C /* Square.m */ = {isa = PBXFileReference; fileEncoding = 4; lastKnownFileType = sourcecode.c.objc; path = Square.m; sourceTree = "<group>"; };
		52A225EB1C9FDCE1000B4C5C /* Person2.h */ = {isa = PBXFileReference; fileEncoding = 4; lastKnownFileType = sourcecode.c.h; path = Person2.h; sourceTree = "<group>"; };
		52A225EC1C9FDCE1000B4C5C /* Person2.m */ = {isa = PBXFileReference; fileEncoding = 4; lastKnownFileType = sourcecode.c.objc; path = Person2.m; sourceTree = "<group>"; };
		52A2A86B1CBB81F400070DDB /* Course.h */ = {isa = PBXFileReference; fileEncoding = 4; lastKnownFileType = sourcecode.c.h; path = Course.h; sourceTree = "<group>"; };
		52A2A86C1CBB81F400070DDB /* Course.m */ = {isa = PBXFileReference; fileEncoding = 4; lastKnownFileType = sourcecode.c.objc; path = Course.m; sourceTree = "<group>"; };
		52BE624E1C84267100245806 /* FirstProject */ = {isa = PBXFileReference; explicitFileType = "compiled.mach-o.executable"; includeInIndex = 0; path = FirstProject; sourceTree = BUILT_PRODUCTS_DIR; };
		52BE62511C84267200245806 /* main.m */ = {isa = PBXFileReference; lastKnownFileType = sourcecode.c.objc; path = main.m; sourceTree = "<group>"; };
		52F4DDC01C8D62C600C86F35 /* Student.h */ = {isa = PBXFileReference; fileEncoding = 4; lastKnownFileType = sourcecode.c.h; path = Student.h; sourceTree = "<group>"; };
		52F4DDC11C8D62C600C86F35 /* Student.m */ = {isa = PBXFileReference; fileEncoding = 4; lastKnownFileType = sourcecode.c.objc; path = Student.m; sourceTree = "<group>"; };
		52F4DDC31C8D6A1100C86F35 /* Car.h */ = {isa = PBXFileReference; fileEncoding = 4; lastKnownFileType = sourcecode.c.h; path = Car.h; sourceTree = "<group>"; };
		52F4DDC41C8D6A1100C86F35 /* Car.m */ = {isa = PBXFileReference; fileEncoding = 4; lastKnownFileType = sourcecode.c.objc; path = Car.m; sourceTree = "<group>"; };
		52F4DDC61C8D6CC500C86F35 /* Manager.h */ = {isa = PBXFileReference; fileEncoding = 4; lastKnownFileType = sourcecode.c.h; path = Manager.h; sourceTree = "<group>"; };
		52F4DDC71C8D6CC500C86F35 /* Manager.m */ = {isa = PBXFileReference; fileEncoding = 4; lastKnownFileType = sourcecode.c.objc; path = Manager.m; sourceTree = "<group>"; };
/* End PBXFileReference section */

/* Begin PBXFrameworksBuildPhase section */
		52BE624B1C84267100245806 /* Frameworks */ = {
			isa = PBXFrameworksBuildPhase;
			buildActionMask = 2147483647;
			files = (
			);
			runOnlyForDeploymentPostprocessing = 0;
		};
/* End PBXFrameworksBuildPhase section */

/* Begin PBXGroup section */
		52BE62451C84267100245806 = {
			isa = PBXGroup;
			children = (
				52BE62501C84267100245806 /* FirstProject */,
				52BE624F1C84267100245806 /* Products */,
			);
			sourceTree = "<group>";
		};
		52BE624F1C84267100245806 /* Products */ = {
			isa = PBXGroup;
			children = (
				52BE624E1C84267100245806 /* FirstProject */,
			);
			name = Products;
			sourceTree = "<group>";
		};
		52BE62501C84267100245806 /* FirstProject */ = {
			isa = PBXGroup;
			children = (
				52BE62511C84267200245806 /* main.m */,
				52F4DDC01C8D62C600C86F35 /* Student.h */,
				52F4DDC11C8D62C600C86F35 /* Student.m */,
				52F4DDC31C8D6A1100C86F35 /* Car.h */,
				52F4DDC41C8D6A1100C86F35 /* Car.m */,
				52F4DDC61C8D6CC500C86F35 /* Manager.h */,
				52F4DDC71C8D6CC500C86F35 /* Manager.m */,
				5283C6951C993ECC002417E8 /* Book.h */,
				5283C6961C993ECC002417E8 /* Book.m */,
				5283C6981C9943FE002417E8 /* Person.h */,
				52A225EB1C9FDCE1000B4C5C /* Person2.h */,
				52A225EC1C9FDCE1000B4C5C /* Person2.m */,
				5283C6991C9943FE002417E8 /* Person.m */,
				5283C69B1C994409002417E8 /* Dog.h */,
				5283C69C1C994409002417E8 /* Dog.m */,
				52A225D91C9FD11B000B4C5C /* Animal.h */,
				52A225DA1C9FD11B000B4C5C /* Animal.m */,
				52A225DC1C9FD2F9000B4C5C /* Rabbit.h */,
				52A225DD1C9FD2F9000B4C5C /* Rabbit.m */,
				52A225DF1C9FD370000B4C5C /* Tiger.h */,
				52A225E01C9FD370000B4C5C /* Tiger.m */,
				52A225E21C9FD8D6000B4C5C /* Shape.h */,
				52A225E31C9FD8D6000B4C5C /* Shape.m */,
				52A225E51C9FDB7E000B4C5C /* Circle.h */,
				52A225E61C9FDB7E000B4C5C /* Circle.m */,
				52A225E81C9FDC38000B4C5C /* Square.h */,
				52A225E91C9FDC38000B4C5C /* Square.m */,
				52A2A86B1CBB81F400070DDB /* Course.h */,
				52A2A86C1CBB81F400070DDB /* Course.m */,
			);
			path = FirstProject;
			sourceTree = "<group>";
		};
/* End PBXGroup section */

/* Begin PBXNativeTarget section */
		52BE624D1C84267100245806 /* FirstProject */ = {
			isa = PBXNativeTarget;
			buildConfigurationList = 52BE62551C84267200245806 /* Build configuration list for PBXNativeTarget "FirstProject" */;
			buildPhases = (
				52BE624A1C84267100245806 /* Sources */,
				52BE624B1C84267100245806 /* Frameworks */,
				52BE624C1C84267100245806 /* CopyFiles */,
			);
			buildRules = (
			);
			dependencies = (
			);
			name = FirstProject;
			productName = FirstProject;
			productReference = 52BE624E1C84267100245806 /* FirstProject */;
			productType = "com.apple.product-type.tool";
		};
/* End PBXNativeTarget section */

/* Begin PBXProject section */
		52BE62461C84267100245806 /* Project object */ = {
			isa = PBXProject;
			attributes = {
				LastUpgradeCheck = 0710;
				ORGANIZATIONNAME = Switch;
				TargetAttributes = {
					52BE624D1C84267100245806 = {
						CreatedOnToolsVersion = 7.1;
					};
				};
			};
			buildConfigurationList = 52BE62491C84267100245806 /* Build configuration list for PBXProject "FirstProject" */;
			compatibilityVersion = "Xcode 3.2";
			developmentRegion = English;
			hasScannedForEncodings = 0;
			knownRegions = (
				en,
			);
			mainGroup = 52BE62451C84267100245806;
			productRefGroup = 52BE624F1C84267100245806 /* Products */;
			projectDirPath = "";
			projectRoot = "";
			targets = (
				52BE624D1C84267100245806 /* FirstProject */,
			);
		};
/* End PBXProject section */

/* Begin PBXSourcesBuildPhase section */
		52BE624A1C84267100245806 /* Sources */ = {
			isa = PBXSourcesBuildPhase;
			buildActionMask = 2147483647;
			files = (
				5283C69A1C9943FE002417E8 /* Person.m in Sources */,
				52A225EA1C9FDC38000B4C5C /* Square.m in Sources */,
				52A225E11C9FD370000B4C5C /* Tiger.m in Sources */,
				5283C6971C993ECC002417E8 /* Book.m in Sources */,
				52A2A86D1CBB81F400070DDB /* Course.m in Sources */,
				52F4DDC51C8D6A1100C86F35 /* Car.m in Sources */,
				52A225DE1C9FD2F9000B4C5C /* Rabbit.m in Sources */,
				52A225E41C9FD8D6000B4C5C /* Shape.m in Sources */,
				52BE62521C84267200245806 /* main.m in Sources */,
				5283C69D1C994409002417E8 /* Dog.m in Sources */,
				52A225DB1C9FD11B000B4C5C /* Animal.m in Sources */,
				52A225E71C9FDB7E000B4C5C /* Circle.m in Sources */,
				52F4DDC21C8D62C600C86F35 /* Student.m in Sources */,
				52F4DDC81C8D6CC500C86F35 /* Manager.m in Sources */,
				52A225ED1C9FDCE1000B4C5C /* Person2.m in Sources */,
			);
			runOnlyForDeploymentPostprocessing = 0;
		};
/* End PBXSourcesBuildPhase section */

/* Begin XCBuildConfiguration section */
		52BE62531C84267200245806 /* Debug */ = {
			isa = XCBuildConfiguration;
			buildSettings = {
				ALWAYS_SEARCH_USER_PATHS = NO;
				CLANG_CXX_LANGUAGE_STANDARD = "gnu++0x";
				CLANG_CXX_LIBRARY = "libc++";
				CLANG_ENABLE_MODULES = YES;
				CLANG_ENABLE_OBJC_ARC = YES;
				CLANG_WARN_BOOL_CONVERSION = YES;
				CLANG_WARN_CONSTANT_CONVERSION = YES;
				CLANG_WARN_DIRECT_OBJC_ISA_USAGE = YES_ERROR;
				CLANG_WARN_EMPTY_BODY = YES;
				CLANG_WARN_ENUM_CONVERSION = YES;
				CLANG_WARN_INT_CONVERSION = YES;
				CLANG_WARN_OBJC_ROOT_CLASS = YES_ERROR;
				CLANG_WARN_UNREACHABLE_CODE = YES;
				CLANG_WARN__DUPLICATE_METHOD_MATCH = YES;
				CODE_SIGN_IDENTITY = "-";
				COPY_PHASE_STRIP = NO;
				DEBUG_INFORMATION_FORMAT = dwarf;
				ENABLE_STRICT_OBJC_MSGSEND = YES;
				ENABLE_TESTABILITY = YES;
				GCC_C_LANGUAGE_STANDARD = gnu99;
				GCC_DYNAMIC_NO_PIC = NO;
				GCC_NO_COMMON_BLOCKS = YES;
				GCC_OPTIMIZATION_LEVEL = 0;
				GCC_PREPROCESSOR_DEFINITIONS = (
					"DEBUG=1",
					"$(inherited)",
				);
				GCC_WARN_64_TO_32_BIT_CONVERSION = YES;
				GCC_WARN_ABOUT_RETURN_TYPE = YES_ERROR;
				GCC_WARN_UNDECLARED_SELECTOR = YES;
				GCC_WARN_UNINITIALIZED_AUTOS = YES_AGGRESSIVE;
				GCC_WARN_UNUSED_FUNCTION = YES;
				GCC_WARN_UNUSED_VARIABLE = YES;
				MACOSX_DEPLOYMENT_TARGET = 10.10;
				MTL_ENABLE_DEBUG_INFO = YES;
				ONLY_ACTIVE_ARCH = YES;
				SDKROOT = macosx;
			};
			name = Debug;
		};
		52BE62541C84267200245806 /* Release */ = {
			isa = XCBuildConfiguration;
			buildSettings = {
				ALWAYS_SEARCH_USER_PATHS = NO;
				CLANG_CXX_LANGUAGE_STANDARD = "gnu++0x";
				CLANG_CXX_LIBRARY = "libc++";
				CLANG_ENABLE_MODULES = YES;
				CLANG_ENABLE_OBJC_ARC = YES;
				CLANG_WARN_BOOL_CONVERSION = YES;
				CLANG_WARN_CONSTANT_CONVERSION = YES;
				CLANG_WARN_DIRECT_OBJC_ISA_USAGE = YES_ERROR;
				CLANG_WARN_EMPTY_BODY = YES;
				CLANG_WARN_ENUM_CONVERSION = YES;
				CLANG_WARN_INT_CONVERSION = YES;
				CLANG_WARN_OBJC_ROOT_CLASS = YES_ERROR;
				CLANG_WARN_UNREACHABLE_CODE = YES;
				CLANG_WARN__DUPLICATE_METHOD_MATCH = YES;
				CODE_SIGN_IDENTITY = "-";
				COPY_PHASE_STRIP = NO;
				DEBUG_INFORMATION_FORMAT = "dwarf-with-dsym";
				ENABLE_NS_ASSERTIONS = NO;
				ENABLE_STRICT_OBJC_MSGSEND = YES;
				GCC_C_LANGUAGE_STANDARD = gnu99;
				GCC_NO_COMMON_BLOCKS = YES;
				GCC_WARN_64_TO_32_BIT_CONVERSION = YES;
				GCC_WARN_ABOUT_RETURN_TYPE = YES_ERROR;
				GCC_WARN_UNDECLARED_SELECTOR = YES;
				GCC_WARN_UNINITIALIZED_AUTOS = YES_AGGRESSIVE;
				GCC_WARN_UNUSED_FUNCTION = YES;
				GCC_WARN_UNUSED_VARIABLE = YES;
				MACOSX_DEPLOYMENT_TARGET = 10.10;
				MTL_ENABLE_DEBUG_INFO = NO;
				SDKROOT = macosx;
			};
			name = Release;
		};
		52BE62561C84267200245806 /* Debug */ = {
			isa = XCBuildConfiguration;
			buildSettings = {
				PRODUCT_NAME = "$(TARGET_NAME)";
			};
			name = Debug;
		};
		52BE62571C84267200245806 /* Release */ = {
			isa = XCBuildConfiguration;
			buildSettings = {
				PRODUCT_NAME = "$(TARGET_NAME)";
			};
			name = Release;
		};
/* End XCBuildConfiguration section */

/* Begin XCConfigurationList section */
		52BE62491C84267100245806 /* Build configuration list for PBXProject "FirstProject" */ = {
			isa = XCConfigurationList;
			buildConfigurations = (
				52BE62531C84267200245806 /* Debug */,
				52BE62541C84267200245806 /* Release */,
			);
			defaultConfigurationIsVisible = 0;
			defaultConfigurationName = Release;
		};
		52BE62551C84267200245806 /* Build configuration list for PBXNativeTarget "FirstProject" */ = {
			isa = XCConfigurationList;
			buildConfigurations = (
				52BE62561C84267200245806 /* Debug */,
				52BE62571C84267200245806 /* Release */,
			);
			defaultConfigurationIsVisible = 0;
			defaultConfigurationName = Release;
		};
/* End XCConfigurationList section */
	};
	rootObject = 52BE62461C84267100245806 /* Project object */;
}
